
Microsoft Visual Studio Solution File, Format Version 12.00
# Visual Studio Version 16
VisualStudioVersion = 16.0.30413.136
MinimumVisualStudioVersion = 10.0.40219.1
Project("{FAE04EC0-301F-11D3-BF4B-00C04F79EFBC}") = "Wizard001", "Wizard001\Wizard001.csproj", "{FE07A5D6-33B1-4C90-B17D-45DC6AEA0DDA}"
EndProject
Project("{FAE04EC0-301F-11D3-BF4B-00C04F79EFBC}") = "DockerVSIX", "DockerVSIX\DockerVSIX.csproj", "{E40B05FC-0509-49E2-B886-5C1A38A420EB}"
EndProject
Project("{F184B08F-C81C-45F6-A57F-5ABD9991F28F}") = "DockerTemplateVB", "DockerTemplateVB\DockerTemplateVB.vbproj", "{09963A79-C60E-420E-A5B9-4F97F2B6CD8A}"
EndProject
Project("{FAE04EC0-301F-11D3-BF4B-00C04F79EFBC}") = "DockerTemplateJS", "DockerTemplateJS\DockerTemplateJS.csproj", "{9A2292E6-CDBA-42AA-AFFE-76B5860C3222}"
EndProject
Project("{FAE04EC0-301F-11D3-BF4B-00C04F79EFBC}") = "DockerTemplateCS", "DockerTemplateCS\DockerTemplateCS.csproj", "{15571839-170E-486E-9BE5-A69B4D3B7126}"
EndProject
Project("{FAE04EC0-301F-11D3-BF4B-00C04F79EFBC}") = "CustomToolTemplateCS", "CustomToolTemplateCS\CustomToolTemplateCS.csproj", "{F642EDD1-9D30-4DE8-B3D8-9732C4089891}"
EndProject
Project("{F184B08F-C81C-45F6-A57F-5ABD9991F28F}") = "CustomToolTemplateVB", "CustomToolTemplateVB\CustomToolTemplateVB.vbproj", "{9F4172F5-3854-4C9C-8FAF-FBE082020B39}"
EndProject
Project("{FAE04EC0-301F-11D3-BF4B-00C04F79EFBC}") = "ButtonTemplateCS", "ButtonTemplateCS\ButtonTemplateCS.csproj", "{CC4C2FA1-31BF-4B20-8C8F-6183342A0FD5}"
EndProject
Project("{F184B08F-C81C-45F6-A57F-5ABD9991F28F}") = "ButtonTemplateVB", "ButtonTemplateVB\ButtonTemplateVB.vbproj", "{48ED7448-A11B-4014-97BD-1251976042CE}"
EndProject
Project("{FAE04EC0-301F-11D3-BF4B-00C04F79EFBC}") = "ProjectHelper", "ProjectHelper\ProjectHelper.csproj", "{AEB4FED3-3B98-4BDC-9698-D247C57B22B1}"
EndProject
Project("{FAE04EC0-301F-11D3-BF4B-00C04F79EFBC}") = "MenuItemTemplateCS", "MenuItemTemplateCS\MenuItemTemplateCS.csproj", "{C228041C-B1BF-4DE3-91EC-51475457C60E}"
EndProject
Project("{2150E333-8FDC-42A3-9474-1A3956D46DE8}") = "SharedFiles", "SharedFiles", "{BED1B82F-1341-43B6-BFFC-C1A1DD64E06F}"
	ProjectSection(SolutionItems) = preProject
		SharedFiles\Note!Important.txt = SharedFiles\Note!Important.txt
	EndProjectSection
EndProject
Project("{2150E333-8FDC-42A3-9474-1A3956D46DE8}") = "Control", "Control", "{DC37AB85-1371-41D0-9977-FAA0BE477174}"
	ProjectSection(SolutionItems) = preProject
		SharedFiles\Control\AppUI.xslt = SharedFiles\Control\AppUI.xslt
		SharedFiles\Control\Colors.xaml = SharedFiles\Control\Colors.xaml
		SharedFiles\Control\Images.xaml = SharedFiles\Control\Images.xaml
		SharedFiles\Control\Styles.xaml = SharedFiles\Control\Styles.xaml
		SharedFiles\Control\StylesController.cs = SharedFiles\Control\StylesController.cs
		SharedFiles\Control\StylesController.vb = SharedFiles\Control\StylesController.vb
		SharedFiles\Control\UserUI.xslt = SharedFiles\Control\UserUI.xslt
	EndProjectSection
EndProject
Project("{2150E333-8FDC-42A3-9474-1A3956D46DE8}") = "cs", "cs", "{67EE935F-B914-48D4-A2B9-A719FA32AF6F}"
	ProjectSection(SolutionItems) = preProject
		SharedFiles\cs\AssemblyInfo.cs = SharedFiles\cs\AssemblyInfo.cs
		SharedFiles\cs\Extensions.cs = SharedFiles\cs\Extensions.cs
		SharedFiles\cs\MessageBox.cs = SharedFiles\cs\MessageBox.cs
	EndProjectSection
EndProject
Project("{2150E333-8FDC-42A3-9474-1A3956D46DE8}") = "Docker", "Docker", "{2D693F66-DADD-49F4-8DF9-F765A7925455}"
	ProjectSection(SolutionItems) = preProject
		SharedFiles\Docker\AppUI.xslt = SharedFiles\Docker\AppUI.xslt
		SharedFiles\Docker\Colors.xaml = SharedFiles\Docker\Colors.xaml
		SharedFiles\Docker\Images.xaml = SharedFiles\Docker\Images.xaml
		SharedFiles\Docker\Styles.xaml = SharedFiles\Docker\Styles.xaml
		SharedFiles\Docker\StylesController.cs = SharedFiles\Docker\StylesController.cs
		SharedFiles\Docker\StylesController.vb = SharedFiles\Docker\StylesController.vb
		SharedFiles\Docker\UserUI.xslt = SharedFiles\Docker\UserUI.xslt
	EndProjectSection
EndProject
Project("{2150E333-8FDC-42A3-9474-1A3956D46DE8}") = "MenuItem", "MenuItem", "{D67559B6-B1B6-4000-8D17-C6BDB25A408D}"
	ProjectSection(SolutionItems) = preProject
		SharedFiles\MenuItem\AppUI.xslt = SharedFiles\MenuItem\AppUI.xslt
		SharedFiles\MenuItem\UserUI.xslt = SharedFiles\MenuItem\UserUI.xslt
	EndProjectSection
EndProject
Project("{2150E333-8FDC-42A3-9474-1A3956D46DE8}") = "Tool", "Tool", "{604D05B6-F239-4E50-94D4-FCD9E0682E03}"
	ProjectSection(SolutionItems) = preProject
		SharedFiles\Tool\AppUI.xslt = SharedFiles\Tool\AppUI.xslt
		SharedFiles\Tool\UserUI.xslt = SharedFiles\Tool\UserUI.xslt
	EndProjectSection
EndProject
Project("{2150E333-8FDC-42A3-9474-1A3956D46DE8}") = "vb", "vb", "{BEC1628B-4934-4C2C-B484-1F3B8505BEBD}"
	ProjectSection(SolutionItems) = preProject
		SharedFiles\vb\AssemblyInfo.vb = SharedFiles\vb\AssemblyInfo.vb
		SharedFiles\vb\Extensions.vb = SharedFiles\vb\Extensions.vb
		SharedFiles\vb\MessageBox.vb = SharedFiles\vb\MessageBox.vb
	EndProjectSection
EndProject
Project("{F184B08F-C81C-45F6-A57F-5ABD9991F28F}") = "MenuItemTemplateVB", "MenuItemTemplateVB\MenuItemTemplateVB.vbproj", "{4F80F888-4C04-40E5-8B66-3F2C3AF4CC5A}"
EndProject
Project("{2150E333-8FDC-42A3-9474-1A3956D46DE8}") = "Solution Items", "Solution Items", "{81E1405E-A86C-45BA-A14F-484F79074FAC}"
	ProjectSection(SolutionItems) = preProject
		bonus630.CdrTemplateCommon.targets = bonus630.CdrTemplateCommon.targets
	EndProjectSection
EndProject
Global
	GlobalSection(SolutionConfigurationPlatforms) = preSolution
		Debug|Any CPU = Debug|Any CPU
		Release|Any CPU = Release|Any CPU
	EndGlobalSection
	GlobalSection(ProjectConfigurationPlatforms) = postSolution
		{FE07A5D6-33B1-4C90-B17D-45DC6AEA0DDA}.Debug|Any CPU.ActiveCfg = Debug|Any CPU
		{FE07A5D6-33B1-4C90-B17D-45DC6AEA0DDA}.Debug|Any CPU.Build.0 = Debug|Any CPU
		{FE07A5D6-33B1-4C90-B17D-45DC6AEA0DDA}.Release|Any CPU.ActiveCfg = Release|Any CPU
		{FE07A5D6-33B1-4C90-B17D-45DC6AEA0DDA}.Release|Any CPU.Build.0 = Release|Any CPU
		{E40B05FC-0509-49E2-B886-5C1A38A420EB}.Debug|Any CPU.ActiveCfg = Debug|Any CPU
		{E40B05FC-0509-49E2-B886-5C1A38A420EB}.Debug|Any CPU.Build.0 = Debug|Any CPU
		{E40B05FC-0509-49E2-B886-5C1A38A420EB}.Release|Any CPU.ActiveCfg = Release|Any CPU
		{E40B05FC-0509-49E2-B886-5C1A38A420EB}.Release|Any CPU.Build.0 = Release|Any CPU
		{09963A79-C60E-420E-A5B9-4F97F2B6CD8A}.Debug|Any CPU.ActiveCfg = Debug|Any CPU
		{09963A79-C60E-420E-A5B9-4F97F2B6CD8A}.Debug|Any CPU.Build.0 = Debug|Any CPU
		{09963A79-C60E-420E-A5B9-4F97F2B6CD8A}.Release|Any CPU.ActiveCfg = Release|Any CPU
		{09963A79-C60E-420E-A5B9-4F97F2B6CD8A}.Release|Any CPU.Build.0 = Release|Any CPU
		{9A2292E6-CDBA-42AA-AFFE-76B5860C3222}.Debug|Any CPU.ActiveCfg = Debug|Any CPU
		{9A2292E6-CDBA-42AA-AFFE-76B5860C3222}.Debug|Any CPU.Build.0 = Debug|Any CPU
		{9A2292E6-CDBA-42AA-AFFE-76B5860C3222}.Release|Any CPU.ActiveCfg = Release|Any CPU
		{9A2292E6-CDBA-42AA-AFFE-76B5860C3222}.Release|Any CPU.Build.0 = Release|Any CPU
		{15571839-170E-486E-9BE5-A69B4D3B7126}.Debug|Any CPU.ActiveCfg = Debug|Any CPU
		{15571839-170E-486E-9BE5-A69B4D3B7126}.Debug|Any CPU.Build.0 = Debug|Any CPU
		{15571839-170E-486E-9BE5-A69B4D3B7126}.Release|Any CPU.ActiveCfg = Release|Any CPU
		{15571839-170E-486E-9BE5-A69B4D3B7126}.Release|Any CPU.Build.0 = Release|Any CPU
		{F642EDD1-9D30-4DE8-B3D8-9732C4089891}.Debug|Any CPU.ActiveCfg = Debug|Any CPU
		{F642EDD1-9D30-4DE8-B3D8-9732C4089891}.Debug|Any CPU.Build.0 = Debug|Any CPU
		{F642EDD1-9D30-4DE8-B3D8-9732C4089891}.Release|Any CPU.ActiveCfg = Release|Any CPU
		{F642EDD1-9D30-4DE8-B3D8-9732C4089891}.Release|Any CPU.Build.0 = Release|Any CPU
		{9F4172F5-3854-4C9C-8FAF-FBE082020B39}.Debug|Any CPU.ActiveCfg = Debug|Any CPU
		{9F4172F5-3854-4C9C-8FAF-FBE082020B39}.Debug|Any CPU.Build.0 = Debug|Any CPU
		{9F4172F5-3854-4C9C-8FAF-FBE082020B39}.Release|Any CPU.ActiveCfg = Release|Any CPU
		{9F4172F5-3854-4C9C-8FAF-FBE082020B39}.Release|Any CPU.Build.0 = Release|Any CPU
		{CC4C2FA1-31BF-4B20-8C8F-6183342A0FD5}.Debug|Any CPU.ActiveCfg = Debug|Any CPU
		{CC4C2FA1-31BF-4B20-8C8F-6183342A0FD5}.Debug|Any CPU.Build.0 = Debug|Any CPU
		{CC4C2FA1-31BF-4B20-8C8F-6183342A0FD5}.Release|Any CPU.ActiveCfg = Release|Any CPU
		{CC4C2FA1-31BF-4B20-8C8F-6183342A0FD5}.Release|Any CPU.Build.0 = Release|Any CPU
		{48ED7448-A11B-4014-97BD-1251976042CE}.Debug|Any CPU.ActiveCfg = Debug|Any CPU
		{48ED7448-A11B-4014-97BD-1251976042CE}.Debug|Any CPU.Build.0 = Debug|Any CPU
		{48ED7448-A11B-4014-97BD-1251976042CE}.Release|Any CPU.ActiveCfg = Release|Any CPU
		{48ED7448-A11B-4014-97BD-1251976042CE}.Release|Any CPU.Build.0 = Release|Any CPU
		{AEB4FED3-3B98-4BDC-9698-D247C57B22B1}.Debug|Any CPU.ActiveCfg = Debug|Any CPU
		{AEB4FED3-3B98-4BDC-9698-D247C57B22B1}.Debug|Any CPU.Build.0 = Debug|Any CPU
		{AEB4FED3-3B98-4BDC-9698-D247C57B22B1}.Release|Any CPU.ActiveCfg = Release|Any CPU
		{AEB4FED3-3B98-4BDC-9698-D247C57B22B1}.Release|Any CPU.Build.0 = Release|Any CPU
		{C228041C-B1BF-4DE3-91EC-51475457C60E}.Debug|Any CPU.ActiveCfg = Debug|Any CPU
		{C228041C-B1BF-4DE3-91EC-51475457C60E}.Debug|Any CPU.Build.0 = Debug|Any CPU
		{C228041C-B1BF-4DE3-91EC-51475457C60E}.Release|Any CPU.ActiveCfg = Release|Any CPU
		{C228041C-B1BF-4DE3-91EC-51475457C60E}.Release|Any CPU.Build.0 = Release|Any CPU
		{4F80F888-4C04-40E5-8B66-3F2C3AF4CC5A}.Debug|Any CPU.ActiveCfg = Debug|Any CPU
		{4F80F888-4C04-40E5-8B66-3F2C3AF4CC5A}.Debug|Any CPU.Build.0 = Debug|Any CPU
		{4F80F888-4C04-40E5-8B66-3F2C3AF4CC5A}.Release|Any CPU.ActiveCfg = Release|Any CPU
		{4F80F888-4C04-40E5-8B66-3F2C3AF4CC5A}.Release|Any CPU.Build.0 = Release|Any CPU
	EndGlobalSection
	GlobalSection(SolutionProperties) = preSolution
		HideSolutionNode = FALSE
	EndGlobalSection
	GlobalSection(NestedProjects) = preSolution
		{DC37AB85-1371-41D0-9977-FAA0BE477174} = {BED1B82F-1341-43B6-BFFC-C1A1DD64E06F}
		{67EE935F-B914-48D4-A2B9-A719FA32AF6F} = {BED1B82F-1341-43B6-BFFC-C1A1DD64E06F}
		{2D693F66-DADD-49F4-8DF9-F765A7925455} = {BED1B82F-1341-43B6-BFFC-C1A1DD64E06F}
		{D67559B6-B1B6-4000-8D17-C6BDB25A408D} = {BED1B82F-1341-43B6-BFFC-C1A1DD64E06F}
		{604D05B6-F239-4E50-94D4-FCD9E0682E03} = {BED1B82F-1341-43B6-BFFC-C1A1DD64E06F}
		{BEC1628B-4934-4C2C-B484-1F3B8505BEBD} = {BED1B82F-1341-43B6-BFFC-C1A1DD64E06F}
	EndGlobalSection
	GlobalSection(ExtensibilityGlobals) = postSolution
		SolutionGuid = {C67B0612-AC1C-4996-B91F-70FCD0B2F528}
	EndGlobalSection
EndGlobal
