
Microsoft Visual Studio Solution File, Format Version 12.00
# Visual Studio Version 16
VisualStudioVersion = 16.0.30413.136
MinimumVisualStudioVersion = 10.0.40219.1
Project("{FAE04EC0-301F-11D3-BF4B-00C04F79EFBC}") = "Wizard001", "Wizard001\Wizard001.csproj", "{FE07A5D6-33B1-4C90-B17D-45DC6AEA0DDA}"
EndProject
Project("{FAE04EC0-301F-11D3-BF4B-00C04F79EFBC}") = "DockerVSIX", "DockerVSIX\DockerVSIX.csproj", "{E40B05FC-0509-49E2-B886-5C1A38A420EB}"
EndProject
Project("{F184B08F-C81C-45F6-A57F-5ABD9991F28F}") = "DockerTemplateVB", "DockerTemplateVB\DockerTemplateVB.vbproj", "{09963A79-C60E-420E-A5B9-4F97F2B6CD8A}"
EndProject
Project("{FAE04EC0-301F-11D3-BF4B-00C04F79EFBC}") = "DockerTemplateJS", "DockerTemplateJS\DockerTemplateJS.csproj", "{9A2292E6-CDBA-42AA-AFFE-76B5860C3222}"
EndProject
Project("{FAE04EC0-301F-11D3-BF4B-00C04F79EFBC}") = "DockerTemplateCS", "DockerTemplateCS\DockerTemplateCS.csproj", "{15571839-170E-486E-9BE5-A69B4D3B7126}"
EndProject
Project("{FAE04EC0-301F-11D3-BF4B-00C04F79EFBC}") = "CustomToolTemplateCS", "CustomToolTemplateCS\CustomToolTemplateCS.csproj", "{F642EDD1-9D30-4DE8-B3D8-9732C4089891}"
EndProject
Project("{F184B08F-C81C-45F6-A57F-5ABD9991F28F}") = "CustomToolTemplateVB", "CustomToolTemplateVB\CustomToolTemplateVB.vbproj", "{9F4172F5-3854-4C9C-8FAF-FBE082020B39}"
EndProject
Project("{FAE04EC0-301F-11D3-BF4B-00C04F79EFBC}") = "ButtonTemplateCS", "ButtonTemplateCS\ButtonTemplateCS.csproj", "{CC4C2FA1-31BF-4B20-8C8F-6183342A0FD5}"
EndProject
Project("{F184B08F-C81C-45F6-A57F-5ABD9991F28F}") = "ButtonTemplateVB", "ButtonTemplateVB\ButtonTemplateVB.vbproj", "{48ED7448-A11B-4014-97BD-1251976042CE}"
EndProject
Project("{FAE04EC0-301F-11D3-BF4B-00C04F79EFBC}") = "ProjectHelper", "ProjectHelper\ProjectHelper.csproj", "{AEB4FED3-3B98-4BDC-9698-D247C57B22B1}"
EndProject
Global
	GlobalSection(SolutionConfigurationPlatforms) = preSolution
		Debug|Any CPU = Debug|Any CPU
		Release|Any CPU = Release|Any CPU
	EndGlobalSection
	GlobalSection(ProjectConfigurationPlatforms) = postSolution
		{FE07A5D6-33B1-4C90-B17D-45DC6AEA0DDA}.Debug|Any CPU.ActiveCfg = Debug|Any CPU
		{FE07A5D6-33B1-4C90-B17D-45DC6AEA0DDA}.Debug|Any CPU.Build.0 = Debug|Any CPU
		{FE07A5D6-33B1-4C90-B17D-45DC6AEA0DDA}.Release|Any CPU.ActiveCfg = Release|Any CPU
		{FE07A5D6-33B1-4C90-B17D-45DC6AEA0DDA}.Release|Any CPU.Build.0 = Release|Any CPU
		{E40B05FC-0509-49E2-B886-5C1A38A420EB}.Debug|Any CPU.ActiveCfg = Debug|Any CPU
		{E40B05FC-0509-49E2-B886-5C1A38A420EB}.Debug|Any CPU.Build.0 = Debug|Any CPU
		{E40B05FC-0509-49E2-B886-5C1A38A420EB}.Release|Any CPU.ActiveCfg = Release|Any CPU
		{E40B05FC-0509-49E2-B886-5C1A38A420EB}.Release|Any CPU.Build.0 = Release|Any CPU
		{09963A79-C60E-420E-A5B9-4F97F2B6CD8A}.Debug|Any CPU.ActiveCfg = Debug|Any CPU
		{09963A79-C60E-420E-A5B9-4F97F2B6CD8A}.Debug|Any CPU.Build.0 = Debug|Any CPU
		{09963A79-C60E-420E-A5B9-4F97F2B6CD8A}.Release|Any CPU.ActiveCfg = Release|Any CPU
		{09963A79-C60E-420E-A5B9-4F97F2B6CD8A}.Release|Any CPU.Build.0 = Release|Any CPU
		{9A2292E6-CDBA-42AA-AFFE-76B5860C3222}.Debug|Any CPU.ActiveCfg = Debug|Any CPU
		{9A2292E6-CDBA-42AA-AFFE-76B5860C3222}.Debug|Any CPU.Build.0 = Debug|Any CPU
		{9A2292E6-CDBA-42AA-AFFE-76B5860C3222}.Release|Any CPU.ActiveCfg = Release|Any CPU
		{9A2292E6-CDBA-42AA-AFFE-76B5860C3222}.Release|Any CPU.Build.0 = Release|Any CPU
		{15571839-170E-486E-9BE5-A69B4D3B7126}.Debug|Any CPU.ActiveCfg = Debug|Any CPU
		{15571839-170E-486E-9BE5-A69B4D3B7126}.Debug|Any CPU.Build.0 = Debug|Any CPU
		{15571839-170E-486E-9BE5-A69B4D3B7126}.Release|Any CPU.ActiveCfg = Release|Any CPU
		{15571839-170E-486E-9BE5-A69B4D3B7126}.Release|Any CPU.Build.0 = Release|Any CPU
		{F642EDD1-9D30-4DE8-B3D8-9732C4089891}.Debug|Any CPU.ActiveCfg = Debug|Any CPU
		{F642EDD1-9D30-4DE8-B3D8-9732C4089891}.Debug|Any CPU.Build.0 = Debug|Any CPU
		{F642EDD1-9D30-4DE8-B3D8-9732C4089891}.Release|Any CPU.ActiveCfg = Release|Any CPU
		{F642EDD1-9D30-4DE8-B3D8-9732C4089891}.Release|Any CPU.Build.0 = Release|Any CPU
		{9F4172F5-3854-4C9C-8FAF-FBE082020B39}.Debug|Any CPU.ActiveCfg = Debug|Any CPU
		{9F4172F5-3854-4C9C-8FAF-FBE082020B39}.Debug|Any CPU.Build.0 = Debug|Any CPU
		{9F4172F5-3854-4C9C-8FAF-FBE082020B39}.Release|Any CPU.ActiveCfg = Release|Any CPU
		{9F4172F5-3854-4C9C-8FAF-FBE082020B39}.Release|Any CPU.Build.0 = Release|Any CPU
		{CC4C2FA1-31BF-4B20-8C8F-6183342A0FD5}.Debug|Any CPU.ActiveCfg = Debug|Any CPU
		{CC4C2FA1-31BF-4B20-8C8F-6183342A0FD5}.Debug|Any CPU.Build.0 = Debug|Any CPU
		{CC4C2FA1-31BF-4B20-8C8F-6183342A0FD5}.Release|Any CPU.ActiveCfg = Release|Any CPU
		{CC4C2FA1-31BF-4B20-8C8F-6183342A0FD5}.Release|Any CPU.Build.0 = Release|Any CPU
		{48ED7448-A11B-4014-97BD-1251976042CE}.Debug|Any CPU.ActiveCfg = Debug|Any CPU
		{48ED7448-A11B-4014-97BD-1251976042CE}.Debug|Any CPU.Build.0 = Debug|Any CPU
		{48ED7448-A11B-4014-97BD-1251976042CE}.Release|Any CPU.ActiveCfg = Release|Any CPU
		{48ED7448-A11B-4014-97BD-1251976042CE}.Release|Any CPU.Build.0 = Release|Any CPU
		{AEB4FED3-3B98-4BDC-9698-D247C57B22B1}.Debug|Any CPU.ActiveCfg = Debug|Any CPU
		{AEB4FED3-3B98-4BDC-9698-D247C57B22B1}.Debug|Any CPU.Build.0 = Debug|Any CPU
		{AEB4FED3-3B98-4BDC-9698-D247C57B22B1}.Release|Any CPU.ActiveCfg = Release|Any CPU
		{AEB4FED3-3B98-4BDC-9698-D247C57B22B1}.Release|Any CPU.Build.0 = Release|Any CPU
	EndGlobalSection
	GlobalSection(SolutionProperties) = preSolution
		HideSolutionNode = FALSE
	EndGlobalSection
	GlobalSection(ExtensibilityGlobals) = postSolution
		SolutionGuid = {C67B0612-AC1C-4996-B91F-70FCD0B2F528}
	EndGlobalSection
EndGlobal
