
Microsoft Visual Studio Solution File, Format Version 12.00
# Visual Studio Version 17
VisualStudioVersion = 17.2.32519.379
MinimumVisualStudioVersion = 10.0.40219.1
Project("{FAE04EC0-301F-11D3-BF4B-00C04F79EFBC}") = "Wizard001", "Wizard001\Wizard001.csproj", "{FE07A5D6-33B1-4C90-B17D-45DC6AEA0DDA}"
EndProject
Project("{FAE04EC0-301F-11D3-BF4B-00C04F79EFBC}") = "DockerVSIX", "DockerVSIX\DockerVSIX.csproj", "{E40B05FC-0509-49E2-B886-5C1A38A420EB}"
EndProject
Project("{F184B08F-C81C-45F6-A57F-5ABD9991F28F}") = "DockerTemplateVB", "DockerTemplateVB\DockerTemplateVB.vbproj", "{09963A79-C60E-420E-A5B9-4F97F2B6CD8A}"
EndProject
Project("{FAE04EC0-301F-11D3-BF4B-00C04F79EFBC}") = "DockerTemplateJS", "DockerTemplateJS\DockerTemplateJS.csproj", "{9A2292E6-CDBA-42AA-AFFE-76B5860C3222}"
EndProject
Project("{FAE04EC0-301F-11D3-BF4B-00C04F79EFBC}") = "DockerTemplateCS", "DockerTemplateCS\DockerTemplateCS.csproj", "{15571839-170E-486E-9BE5-A69B4D3B7126}"
EndProject
Project("{FAE04EC0-301F-11D3-BF4B-00C04F79EFBC}") = "CustomToolTemplateCS", "CustomToolTemplateCS\CustomToolTemplateCS.csproj", "{F642EDD1-9D30-4DE8-B3D8-9732C4089891}"
EndProject
Project("{F184B08F-C81C-45F6-A57F-5ABD9991F28F}") = "CustomToolTemplateVB", "CustomToolTemplateVB\CustomToolTemplateVB.vbproj", "{9F4172F5-3854-4C9C-8FAF-FBE082020B39}"
EndProject
Project("{FAE04EC0-301F-11D3-BF4B-00C04F79EFBC}") = "ButtonTemplateCS", "ButtonTemplateCS\ButtonTemplateCS.csproj", "{CC4C2FA1-31BF-4B20-8C8F-6183342A0FD5}"
EndProject
Project("{F184B08F-C81C-45F6-A57F-5ABD9991F28F}") = "ButtonTemplateVB", "ButtonTemplateVB\ButtonTemplateVB.vbproj", "{48ED7448-A11B-4014-97BD-1251976042CE}"
EndProject
Project("{FAE04EC0-301F-11D3-BF4B-00C04F79EFBC}") = "ProjectHelper", "ProjectHelper\ProjectHelper.csproj", "{AEB4FED3-3B98-4BDC-9698-D247C57B22B1}"
EndProject
Project("{FAE04EC0-301F-11D3-BF4B-00C04F79EFBC}") = "MenuItemTemplateCS", "MenuItemTemplateCS\MenuItemTemplateCS.csproj", "{C228041C-B1BF-4DE3-91EC-51475457C60E}"
EndProject
Project("{2150E333-8FDC-42A3-9474-1A3956D46DE8}") = "SharedFiles", "SharedFiles", "{BED1B82F-1341-43B6-BFFC-C1A1DD64E06F}"
	ProjectSection(SolutionItems) = preProject
		SharedFiles\Note!Important.txt = SharedFiles\Note!Important.txt
	EndProjectSection
EndProject
Project("{2150E333-8FDC-42A3-9474-1A3956D46DE8}") = "Control", "Control", "{DC37AB85-1371-41D0-9977-FAA0BE477174}"
	ProjectSection(SolutionItems) = preProject
		SharedFiles\Control\AppUI.xslt = SharedFiles\Control\AppUI.xslt
		SharedFiles\Control\Colors.xaml = SharedFiles\Control\Colors.xaml
		SharedFiles\Control\Images.xaml = SharedFiles\Control\Images.xaml
		SharedFiles\Control\Styles.xaml = SharedFiles\Control\Styles.xaml
		SharedFiles\Control\StylesController.cs = SharedFiles\Control\StylesController.cs
		SharedFiles\Control\StylesController.vb = SharedFiles\Control\StylesController.vb
		SharedFiles\Control\UserUI.xslt = SharedFiles\Control\UserUI.xslt
	EndProjectSection
EndProject
Project("{2150E333-8FDC-42A3-9474-1A3956D46DE8}") = "cs", "cs", "{67EE935F-B914-48D4-A2B9-A719FA32AF6F}"
	ProjectSection(SolutionItems) = preProject
		SharedFiles\cs\AssemblyInfo.cs = SharedFiles\cs\AssemblyInfo.cs
		SharedFiles\cs\Extensions.cs = SharedFiles\cs\Extensions.cs
		SharedFiles\cs\MessageBox.cs = SharedFiles\cs\MessageBox.cs
	EndProjectSection
EndProject
Project("{2150E333-8FDC-42A3-9474-1A3956D46DE8}") = "Docker", "Docker", "{2D693F66-DADD-49F4-8DF9-F765A7925455}"
	ProjectSection(SolutionItems) = preProject
		SharedFiles\Docker\AppUI.xslt = SharedFiles\Docker\AppUI.xslt
		SharedFiles\Docker\Colors.xaml = SharedFiles\Docker\Colors.xaml
		SharedFiles\Docker\Images.xaml = SharedFiles\Docker\Images.xaml
		SharedFiles\Docker\Styles.xaml = SharedFiles\Docker\Styles.xaml
		SharedFiles\Docker\StylesController.cs = SharedFiles\Docker\StylesController.cs
		SharedFiles\Docker\StylesController.vb = SharedFiles\Docker\StylesController.vb
		SharedFiles\Docker\UserUI.xslt = SharedFiles\Docker\UserUI.xslt
	EndProjectSection
EndProject
Project("{2150E333-8FDC-42A3-9474-1A3956D46DE8}") = "MenuItem", "MenuItem", "{D67559B6-B1B6-4000-8D17-C6BDB25A408D}"
	ProjectSection(SolutionItems) = preProject
		SharedFiles\MenuItem\AppUI.xslt = SharedFiles\MenuItem\AppUI.xslt
		SharedFiles\MenuItem\UserUI.xslt = SharedFiles\MenuItem\UserUI.xslt
	EndProjectSection
EndProject
Project("{2150E333-8FDC-42A3-9474-1A3956D46DE8}") = "Tool", "Tool", "{604D05B6-F239-4E50-94D4-FCD9E0682E03}"
	ProjectSection(SolutionItems) = preProject
		SharedFiles\Tool\AppUI.xslt = SharedFiles\Tool\AppUI.xslt
		SharedFiles\Tool\UserUI.xslt = SharedFiles\Tool\UserUI.xslt
	EndProjectSection
EndProject
Project("{2150E333-8FDC-42A3-9474-1A3956D46DE8}") = "vb", "vb", "{BEC1628B-4934-4C2C-B484-1F3B8505BEBD}"
	ProjectSection(SolutionItems) = preProject
		SharedFiles\vb\AssemblyInfo.vb = SharedFiles\vb\AssemblyInfo.vb
		SharedFiles\vb\Extensions.vb = SharedFiles\vb\Extensions.vb
		SharedFiles\vb\MessageBox.vb = SharedFiles\vb\MessageBox.vb
	EndProjectSection
EndProject
Project("{F184B08F-C81C-45F6-A57F-5ABD9991F28F}") = "MenuItemTemplateVB", "MenuItemTemplateVB\MenuItemTemplateVB.vbproj", "{4F80F888-4C04-40E5-8B66-3F2C3AF4CC5A}"
EndProject
Project("{2150E333-8FDC-42A3-9474-1A3956D46DE8}") = "Solution Items", "Solution Items", "{81E1405E-A86C-45BA-A14F-484F79074FAC}"
	ProjectSection(SolutionItems) = preProject
		bonus630.CdrTemplateCommon.targets = bonus630.CdrTemplateCommon.targets
	EndProjectSection
EndProject
Project("{FAE04EC0-301F-11D3-BF4B-00C04F79EFBC}") = "DockerVSIX2022", "DockerVSIX2022\DockerVSIX2022.csproj", "{7C0C7828-B593-4EF8-9430-BF46812D59EF}"
EndProject
Project("{FAE04EC0-301F-11D3-BF4B-00C04F79EFBC}") = "Wizard2022", "Wizard2022\Wizard2022.csproj", "{431976B4-5A07-4B90-85A5-BD9990BDE381}"
EndProject
Project("{FAE04EC0-301F-11D3-BF4B-00C04F79EFBC}") = "ButtonTemplateCS2022", "ButtonTemplateCS2022\ButtonTemplateCS2022.csproj", "{FC4F57F1-5AAA-4826-AF05-65CAF9F8F3A7}"
EndProject
Project("{FAE04EC0-301F-11D3-BF4B-00C04F79EFBC}") = "WizardTester", "WizardTester\WizardTester.csproj", "{C2D86B5E-656E-4627-A7E3-1467D5E8F983}"
EndProject
Project("{FAE04EC0-301F-11D3-BF4B-00C04F79EFBC}") = "CustomToolTemplateCS2022", "CustomToolTemplateCS2022\CustomToolTemplateCS2022.csproj", "{2E097548-5B88-4B4D-A87D-07587CD1A979}"
EndProject
Project("{FAE04EC0-301F-11D3-BF4B-00C04F79EFBC}") = "DockerTemplateCS2022", "DockerTemplateCS2022\DockerTemplateCS2022.csproj", "{774EDCBB-02E2-426B-9878-7C82CC99F64A}"
EndProject
Project("{F184B08F-C81C-45F6-A57F-5ABD9991F28F}") = "ButtonTemplateVB2022", "ButtonTemplateVB2022\ButtonTemplateVB2022.vbproj", "{7C425F7B-5576-4EB9-A3AD-65A63CC3418A}"
EndProject
Project("{F184B08F-C81C-45F6-A57F-5ABD9991F28F}") = "CustomToolTemplateVB2022", "CustomToolTemplateVB2022\CustomToolTemplateVB2022.vbproj", "{674BDD04-1117-46DB-8D28-9F9638B72AFA}"
EndProject
Project("{F184B08F-C81C-45F6-A57F-5ABD9991F28F}") = "DockerTemplateVB2022", "DockerTemplateVB2022\DockerTemplateVB2022.vbproj", "{BB958BA2-F659-428D-A59E-97DBAE9D6059}"
EndProject
Project("{FAE04EC0-301F-11D3-BF4B-00C04F79EFBC}") = "MenuItemTemplateCS2022", "MenuItemTemplateCS2022\MenuItemTemplateCS2022.csproj", "{30FC8286-A751-4768-840E-4C13DDBE62D4}"
EndProject
Project("{F184B08F-C81C-45F6-A57F-5ABD9991F28F}") = "MenuItemTemplateVB2022", "MenuItemTemplateVB2022\MenuItemTemplateVB2022.vbproj", "{34CE07B7-6F46-4E75-8CC7-3171850936A3}"
EndProject
Project("{2150E333-8FDC-42A3-9474-1A3956D46DE8}") = "2022 Templates", "2022 Templates", "{DCEF09D2-9333-47C0-A950-E5546CEE6A3C}"
EndProject
Project("{2150E333-8FDC-42A3-9474-1A3956D46DE8}") = "Common Templates", "Common Templates", "{D9CB43B5-C923-41C8-A697-A08B221BB37B}"
EndProject
Project("{FAE04EC0-301F-11D3-BF4B-00C04F79EFBC}") = "CommandBarStaticTemplate", "CommandBarStaticTemplate\CommandBarStaticTemplate.csproj", "{06F95048-0981-42A1-9D1B-4ABC69DEECF0}"
EndProject
Project("{2150E333-8FDC-42A3-9474-1A3956D46DE8}") = "CommandBar", "CommandBar", "{5526F2E2-1146-42E5-B6F8-2755EB32640B}"
	ProjectSection(SolutionItems) = preProject
		SharedFiles\CommandBar\AppUI.xslt = SharedFiles\CommandBar\AppUI.xslt
		SharedFiles\CommandBar\AssemblyInfo.cs = SharedFiles\CommandBar\AssemblyInfo.cs
		SharedFiles\CommandBar\ControlUI.xaml = SharedFiles\CommandBar\ControlUI.xaml
		SharedFiles\CommandBar\UserUI.xslt = SharedFiles\CommandBar\UserUI.xslt
	EndProjectSection
EndProject
Global
	GlobalSection(SolutionConfigurationPlatforms) = preSolution
		Debug|Any CPU = Debug|Any CPU
		Debug|x86 = Debug|x86
		My|Any CPU = My|Any CPU
		My|x86 = My|x86
		Release|Any CPU = Release|Any CPU
		Release|x86 = Release|x86
	EndGlobalSection
	GlobalSection(ProjectConfigurationPlatforms) = postSolution
		{FE07A5D6-33B1-4C90-B17D-45DC6AEA0DDA}.Debug|Any CPU.ActiveCfg = Debug|Any CPU
		{FE07A5D6-33B1-4C90-B17D-45DC6AEA0DDA}.Debug|Any CPU.Build.0 = Debug|Any CPU
		{FE07A5D6-33B1-4C90-B17D-45DC6AEA0DDA}.Debug|x86.ActiveCfg = Debug|Any CPU
		{FE07A5D6-33B1-4C90-B17D-45DC6AEA0DDA}.Debug|x86.Build.0 = Debug|Any CPU
		{FE07A5D6-33B1-4C90-B17D-45DC6AEA0DDA}.My|Any CPU.ActiveCfg = My|Any CPU
		{FE07A5D6-33B1-4C90-B17D-45DC6AEA0DDA}.My|Any CPU.Build.0 = My|Any CPU
		{FE07A5D6-33B1-4C90-B17D-45DC6AEA0DDA}.My|x86.ActiveCfg = My|Any CPU
		{FE07A5D6-33B1-4C90-B17D-45DC6AEA0DDA}.My|x86.Build.0 = My|Any CPU
		{FE07A5D6-33B1-4C90-B17D-45DC6AEA0DDA}.Release|Any CPU.ActiveCfg = Release|Any CPU
		{FE07A5D6-33B1-4C90-B17D-45DC6AEA0DDA}.Release|Any CPU.Build.0 = Release|Any CPU
		{FE07A5D6-33B1-4C90-B17D-45DC6AEA0DDA}.Release|x86.ActiveCfg = Release|Any CPU
		{FE07A5D6-33B1-4C90-B17D-45DC6AEA0DDA}.Release|x86.Build.0 = Release|Any CPU
		{E40B05FC-0509-49E2-B886-5C1A38A420EB}.Debug|Any CPU.ActiveCfg = Debug|Any CPU
		{E40B05FC-0509-49E2-B886-5C1A38A420EB}.Debug|Any CPU.Build.0 = Debug|Any CPU
		{E40B05FC-0509-49E2-B886-5C1A38A420EB}.Debug|x86.ActiveCfg = Debug|x86
		{E40B05FC-0509-49E2-B886-5C1A38A420EB}.Debug|x86.Build.0 = Debug|x86
		{E40B05FC-0509-49E2-B886-5C1A38A420EB}.My|Any CPU.ActiveCfg = My|Any CPU
		{E40B05FC-0509-49E2-B886-5C1A38A420EB}.My|Any CPU.Build.0 = My|Any CPU
		{E40B05FC-0509-49E2-B886-5C1A38A420EB}.My|x86.ActiveCfg = My|x86
		{E40B05FC-0509-49E2-B886-5C1A38A420EB}.My|x86.Build.0 = My|x86
		{E40B05FC-0509-49E2-B886-5C1A38A420EB}.Release|Any CPU.ActiveCfg = Release|Any CPU
		{E40B05FC-0509-49E2-B886-5C1A38A420EB}.Release|Any CPU.Build.0 = Release|Any CPU
		{E40B05FC-0509-49E2-B886-5C1A38A420EB}.Release|x86.ActiveCfg = Release|x86
		{E40B05FC-0509-49E2-B886-5C1A38A420EB}.Release|x86.Build.0 = Release|x86
		{09963A79-C60E-420E-A5B9-4F97F2B6CD8A}.Debug|Any CPU.ActiveCfg = Debug|Any CPU
		{09963A79-C60E-420E-A5B9-4F97F2B6CD8A}.Debug|Any CPU.Build.0 = Debug|Any CPU
		{09963A79-C60E-420E-A5B9-4F97F2B6CD8A}.Debug|x86.ActiveCfg = Debug|x86
		{09963A79-C60E-420E-A5B9-4F97F2B6CD8A}.Debug|x86.Build.0 = Debug|x86
		{09963A79-C60E-420E-A5B9-4F97F2B6CD8A}.My|Any CPU.ActiveCfg = My|Any CPU
		{09963A79-C60E-420E-A5B9-4F97F2B6CD8A}.My|Any CPU.Build.0 = My|Any CPU
		{09963A79-C60E-420E-A5B9-4F97F2B6CD8A}.My|x86.ActiveCfg = My|x86
		{09963A79-C60E-420E-A5B9-4F97F2B6CD8A}.My|x86.Build.0 = My|x86
		{09963A79-C60E-420E-A5B9-4F97F2B6CD8A}.Release|Any CPU.ActiveCfg = Release|Any CPU
		{09963A79-C60E-420E-A5B9-4F97F2B6CD8A}.Release|Any CPU.Build.0 = Release|Any CPU
		{09963A79-C60E-420E-A5B9-4F97F2B6CD8A}.Release|x86.ActiveCfg = Release|x86
		{09963A79-C60E-420E-A5B9-4F97F2B6CD8A}.Release|x86.Build.0 = Release|x86
		{9A2292E6-CDBA-42AA-AFFE-76B5860C3222}.Debug|Any CPU.ActiveCfg = Debug|Any CPU
		{9A2292E6-CDBA-42AA-AFFE-76B5860C3222}.Debug|Any CPU.Build.0 = Debug|Any CPU
		{9A2292E6-CDBA-42AA-AFFE-76B5860C3222}.Debug|x86.ActiveCfg = Debug|Any CPU
		{9A2292E6-CDBA-42AA-AFFE-76B5860C3222}.My|Any CPU.ActiveCfg = Release|Any CPU
		{9A2292E6-CDBA-42AA-AFFE-76B5860C3222}.My|x86.ActiveCfg = Release|Any CPU
		{9A2292E6-CDBA-42AA-AFFE-76B5860C3222}.Release|Any CPU.ActiveCfg = Release|Any CPU
		{9A2292E6-CDBA-42AA-AFFE-76B5860C3222}.Release|Any CPU.Build.0 = Release|Any CPU
		{9A2292E6-CDBA-42AA-AFFE-76B5860C3222}.Release|x86.ActiveCfg = Release|Any CPU
		{15571839-170E-486E-9BE5-A69B4D3B7126}.Debug|Any CPU.ActiveCfg = Debug|Any CPU
		{15571839-170E-486E-9BE5-A69B4D3B7126}.Debug|Any CPU.Build.0 = Debug|Any CPU
		{15571839-170E-486E-9BE5-A69B4D3B7126}.Debug|x86.ActiveCfg = Debug|x86
		{15571839-170E-486E-9BE5-A69B4D3B7126}.Debug|x86.Build.0 = Debug|x86
		{15571839-170E-486E-9BE5-A69B4D3B7126}.My|Any CPU.ActiveCfg = My|Any CPU
		{15571839-170E-486E-9BE5-A69B4D3B7126}.My|Any CPU.Build.0 = My|Any CPU
		{15571839-170E-486E-9BE5-A69B4D3B7126}.My|x86.ActiveCfg = My|x86
		{15571839-170E-486E-9BE5-A69B4D3B7126}.My|x86.Build.0 = My|x86
		{15571839-170E-486E-9BE5-A69B4D3B7126}.Release|Any CPU.ActiveCfg = Release|Any CPU
		{15571839-170E-486E-9BE5-A69B4D3B7126}.Release|Any CPU.Build.0 = Release|Any CPU
		{15571839-170E-486E-9BE5-A69B4D3B7126}.Release|x86.ActiveCfg = Release|x86
		{15571839-170E-486E-9BE5-A69B4D3B7126}.Release|x86.Build.0 = Release|x86
		{F642EDD1-9D30-4DE8-B3D8-9732C4089891}.Debug|Any CPU.ActiveCfg = Debug|Any CPU
		{F642EDD1-9D30-4DE8-B3D8-9732C4089891}.Debug|Any CPU.Build.0 = Debug|Any CPU
		{F642EDD1-9D30-4DE8-B3D8-9732C4089891}.Debug|x86.ActiveCfg = Debug|x86
		{F642EDD1-9D30-4DE8-B3D8-9732C4089891}.Debug|x86.Build.0 = Debug|x86
		{F642EDD1-9D30-4DE8-B3D8-9732C4089891}.My|Any CPU.ActiveCfg = My|Any CPU
		{F642EDD1-9D30-4DE8-B3D8-9732C4089891}.My|Any CPU.Build.0 = My|Any CPU
		{F642EDD1-9D30-4DE8-B3D8-9732C4089891}.My|x86.ActiveCfg = My|x86
		{F642EDD1-9D30-4DE8-B3D8-9732C4089891}.My|x86.Build.0 = My|x86
		{F642EDD1-9D30-4DE8-B3D8-9732C4089891}.Release|Any CPU.ActiveCfg = Release|Any CPU
		{F642EDD1-9D30-4DE8-B3D8-9732C4089891}.Release|Any CPU.Build.0 = Release|Any CPU
		{F642EDD1-9D30-4DE8-B3D8-9732C4089891}.Release|x86.ActiveCfg = Release|x86
		{F642EDD1-9D30-4DE8-B3D8-9732C4089891}.Release|x86.Build.0 = Release|x86
		{9F4172F5-3854-4C9C-8FAF-FBE082020B39}.Debug|Any CPU.ActiveCfg = Debug|Any CPU
		{9F4172F5-3854-4C9C-8FAF-FBE082020B39}.Debug|Any CPU.Build.0 = Debug|Any CPU
		{9F4172F5-3854-4C9C-8FAF-FBE082020B39}.Debug|x86.ActiveCfg = Debug|x86
		{9F4172F5-3854-4C9C-8FAF-FBE082020B39}.Debug|x86.Build.0 = Debug|x86
		{9F4172F5-3854-4C9C-8FAF-FBE082020B39}.My|Any CPU.ActiveCfg = My|Any CPU
		{9F4172F5-3854-4C9C-8FAF-FBE082020B39}.My|Any CPU.Build.0 = My|Any CPU
		{9F4172F5-3854-4C9C-8FAF-FBE082020B39}.My|x86.ActiveCfg = My|x86
		{9F4172F5-3854-4C9C-8FAF-FBE082020B39}.My|x86.Build.0 = My|x86
		{9F4172F5-3854-4C9C-8FAF-FBE082020B39}.Release|Any CPU.ActiveCfg = Release|Any CPU
		{9F4172F5-3854-4C9C-8FAF-FBE082020B39}.Release|Any CPU.Build.0 = Release|Any CPU
		{9F4172F5-3854-4C9C-8FAF-FBE082020B39}.Release|x86.ActiveCfg = Release|x86
		{9F4172F5-3854-4C9C-8FAF-FBE082020B39}.Release|x86.Build.0 = Release|x86
		{CC4C2FA1-31BF-4B20-8C8F-6183342A0FD5}.Debug|Any CPU.ActiveCfg = Debug|Any CPU
		{CC4C2FA1-31BF-4B20-8C8F-6183342A0FD5}.Debug|Any CPU.Build.0 = Debug|Any CPU
		{CC4C2FA1-31BF-4B20-8C8F-6183342A0FD5}.Debug|x86.ActiveCfg = Debug|x86
		{CC4C2FA1-31BF-4B20-8C8F-6183342A0FD5}.Debug|x86.Build.0 = Debug|x86
		{CC4C2FA1-31BF-4B20-8C8F-6183342A0FD5}.My|Any CPU.ActiveCfg = My|Any CPU
		{CC4C2FA1-31BF-4B20-8C8F-6183342A0FD5}.My|Any CPU.Build.0 = My|Any CPU
		{CC4C2FA1-31BF-4B20-8C8F-6183342A0FD5}.My|x86.ActiveCfg = My|x86
		{CC4C2FA1-31BF-4B20-8C8F-6183342A0FD5}.My|x86.Build.0 = My|x86
		{CC4C2FA1-31BF-4B20-8C8F-6183342A0FD5}.Release|Any CPU.ActiveCfg = Release|Any CPU
		{CC4C2FA1-31BF-4B20-8C8F-6183342A0FD5}.Release|Any CPU.Build.0 = Release|Any CPU
		{CC4C2FA1-31BF-4B20-8C8F-6183342A0FD5}.Release|x86.ActiveCfg = Release|x86
		{CC4C2FA1-31BF-4B20-8C8F-6183342A0FD5}.Release|x86.Build.0 = Release|x86
		{48ED7448-A11B-4014-97BD-1251976042CE}.Debug|Any CPU.ActiveCfg = Debug|Any CPU
		{48ED7448-A11B-4014-97BD-1251976042CE}.Debug|Any CPU.Build.0 = Debug|Any CPU
		{48ED7448-A11B-4014-97BD-1251976042CE}.Debug|x86.ActiveCfg = Debug|x86
		{48ED7448-A11B-4014-97BD-1251976042CE}.Debug|x86.Build.0 = Debug|x86
		{48ED7448-A11B-4014-97BD-1251976042CE}.My|Any CPU.ActiveCfg = My|Any CPU
		{48ED7448-A11B-4014-97BD-1251976042CE}.My|Any CPU.Build.0 = My|Any CPU
		{48ED7448-A11B-4014-97BD-1251976042CE}.My|x86.ActiveCfg = My|x86
		{48ED7448-A11B-4014-97BD-1251976042CE}.My|x86.Build.0 = My|x86
		{48ED7448-A11B-4014-97BD-1251976042CE}.Release|Any CPU.ActiveCfg = Release|Any CPU
		{48ED7448-A11B-4014-97BD-1251976042CE}.Release|Any CPU.Build.0 = Release|Any CPU
		{48ED7448-A11B-4014-97BD-1251976042CE}.Release|x86.ActiveCfg = Release|x86
		{48ED7448-A11B-4014-97BD-1251976042CE}.Release|x86.Build.0 = Release|x86
		{AEB4FED3-3B98-4BDC-9698-D247C57B22B1}.Debug|Any CPU.ActiveCfg = Debug|Any CPU
		{AEB4FED3-3B98-4BDC-9698-D247C57B22B1}.Debug|Any CPU.Build.0 = Debug|Any CPU
		{AEB4FED3-3B98-4BDC-9698-D247C57B22B1}.Debug|x86.ActiveCfg = Debug|Any CPU
		{AEB4FED3-3B98-4BDC-9698-D247C57B22B1}.Debug|x86.Build.0 = Debug|Any CPU
		{AEB4FED3-3B98-4BDC-9698-D247C57B22B1}.My|Any CPU.ActiveCfg = My|Any CPU
		{AEB4FED3-3B98-4BDC-9698-D247C57B22B1}.My|Any CPU.Build.0 = My|Any CPU
		{AEB4FED3-3B98-4BDC-9698-D247C57B22B1}.My|x86.ActiveCfg = My|Any CPU
		{AEB4FED3-3B98-4BDC-9698-D247C57B22B1}.My|x86.Build.0 = My|Any CPU
		{AEB4FED3-3B98-4BDC-9698-D247C57B22B1}.Release|Any CPU.ActiveCfg = Release|Any CPU
		{AEB4FED3-3B98-4BDC-9698-D247C57B22B1}.Release|Any CPU.Build.0 = Release|Any CPU
		{AEB4FED3-3B98-4BDC-9698-D247C57B22B1}.Release|x86.ActiveCfg = Release|Any CPU
		{AEB4FED3-3B98-4BDC-9698-D247C57B22B1}.Release|x86.Build.0 = Release|Any CPU
		{C228041C-B1BF-4DE3-91EC-51475457C60E}.Debug|Any CPU.ActiveCfg = Debug|Any CPU
		{C228041C-B1BF-4DE3-91EC-51475457C60E}.Debug|Any CPU.Build.0 = Debug|Any CPU
		{C228041C-B1BF-4DE3-91EC-51475457C60E}.Debug|x86.ActiveCfg = Debug|x86
		{C228041C-B1BF-4DE3-91EC-51475457C60E}.Debug|x86.Build.0 = Debug|x86
		{C228041C-B1BF-4DE3-91EC-51475457C60E}.My|Any CPU.ActiveCfg = My|Any CPU
		{C228041C-B1BF-4DE3-91EC-51475457C60E}.My|Any CPU.Build.0 = My|Any CPU
		{C228041C-B1BF-4DE3-91EC-51475457C60E}.My|x86.ActiveCfg = My|x86
		{C228041C-B1BF-4DE3-91EC-51475457C60E}.My|x86.Build.0 = My|x86
		{C228041C-B1BF-4DE3-91EC-51475457C60E}.Release|Any CPU.ActiveCfg = Release|Any CPU
		{C228041C-B1BF-4DE3-91EC-51475457C60E}.Release|Any CPU.Build.0 = Release|Any CPU
		{C228041C-B1BF-4DE3-91EC-51475457C60E}.Release|x86.ActiveCfg = Release|x86
		{C228041C-B1BF-4DE3-91EC-51475457C60E}.Release|x86.Build.0 = Release|x86
		{4F80F888-4C04-40E5-8B66-3F2C3AF4CC5A}.Debug|Any CPU.ActiveCfg = Debug|Any CPU
		{4F80F888-4C04-40E5-8B66-3F2C3AF4CC5A}.Debug|Any CPU.Build.0 = Debug|Any CPU
		{4F80F888-4C04-40E5-8B66-3F2C3AF4CC5A}.Debug|x86.ActiveCfg = Debug|x86
		{4F80F888-4C04-40E5-8B66-3F2C3AF4CC5A}.Debug|x86.Build.0 = Debug|x86
		{4F80F888-4C04-40E5-8B66-3F2C3AF4CC5A}.My|Any CPU.ActiveCfg = My|Any CPU
		{4F80F888-4C04-40E5-8B66-3F2C3AF4CC5A}.My|Any CPU.Build.0 = My|Any CPU
		{4F80F888-4C04-40E5-8B66-3F2C3AF4CC5A}.My|x86.ActiveCfg = My|x86
		{4F80F888-4C04-40E5-8B66-3F2C3AF4CC5A}.My|x86.Build.0 = My|x86
		{4F80F888-4C04-40E5-8B66-3F2C3AF4CC5A}.Release|Any CPU.ActiveCfg = Release|Any CPU
		{4F80F888-4C04-40E5-8B66-3F2C3AF4CC5A}.Release|Any CPU.Build.0 = Release|Any CPU
		{4F80F888-4C04-40E5-8B66-3F2C3AF4CC5A}.Release|x86.ActiveCfg = Release|x86
		{4F80F888-4C04-40E5-8B66-3F2C3AF4CC5A}.Release|x86.Build.0 = Release|x86
		{7C0C7828-B593-4EF8-9430-BF46812D59EF}.Debug|Any CPU.ActiveCfg = Debug|Any CPU
		{7C0C7828-B593-4EF8-9430-BF46812D59EF}.Debug|Any CPU.Build.0 = Debug|Any CPU
		{7C0C7828-B593-4EF8-9430-BF46812D59EF}.Debug|x86.ActiveCfg = Debug|x86
		{7C0C7828-B593-4EF8-9430-BF46812D59EF}.Debug|x86.Build.0 = Debug|x86
		{7C0C7828-B593-4EF8-9430-BF46812D59EF}.My|Any CPU.ActiveCfg = My|Any CPU
		{7C0C7828-B593-4EF8-9430-BF46812D59EF}.My|Any CPU.Build.0 = My|Any CPU
		{7C0C7828-B593-4EF8-9430-BF46812D59EF}.My|x86.ActiveCfg = My|x86
		{7C0C7828-B593-4EF8-9430-BF46812D59EF}.My|x86.Build.0 = My|x86
		{7C0C7828-B593-4EF8-9430-BF46812D59EF}.Release|Any CPU.ActiveCfg = Release|Any CPU
		{7C0C7828-B593-4EF8-9430-BF46812D59EF}.Release|Any CPU.Build.0 = Release|Any CPU
		{7C0C7828-B593-4EF8-9430-BF46812D59EF}.Release|x86.ActiveCfg = Release|x86
		{7C0C7828-B593-4EF8-9430-BF46812D59EF}.Release|x86.Build.0 = Release|x86
		{431976B4-5A07-4B90-85A5-BD9990BDE381}.Debug|Any CPU.ActiveCfg = Debug|Any CPU
		{431976B4-5A07-4B90-85A5-BD9990BDE381}.Debug|Any CPU.Build.0 = Debug|Any CPU
		{431976B4-5A07-4B90-85A5-BD9990BDE381}.Debug|x86.ActiveCfg = Debug|Any CPU
		{431976B4-5A07-4B90-85A5-BD9990BDE381}.Debug|x86.Build.0 = Debug|Any CPU
		{431976B4-5A07-4B90-85A5-BD9990BDE381}.My|Any CPU.ActiveCfg = Debug|Any CPU
		{431976B4-5A07-4B90-85A5-BD9990BDE381}.My|Any CPU.Build.0 = Debug|Any CPU
		{431976B4-5A07-4B90-85A5-BD9990BDE381}.My|x86.ActiveCfg = Debug|Any CPU
		{431976B4-5A07-4B90-85A5-BD9990BDE381}.My|x86.Build.0 = Debug|Any CPU
		{431976B4-5A07-4B90-85A5-BD9990BDE381}.Release|Any CPU.ActiveCfg = Release|Any CPU
		{431976B4-5A07-4B90-85A5-BD9990BDE381}.Release|Any CPU.Build.0 = Release|Any CPU
		{431976B4-5A07-4B90-85A5-BD9990BDE381}.Release|x86.ActiveCfg = Release|Any CPU
		{431976B4-5A07-4B90-85A5-BD9990BDE381}.Release|x86.Build.0 = Release|Any CPU
		{FC4F57F1-5AAA-4826-AF05-65CAF9F8F3A7}.Debug|Any CPU.ActiveCfg = Debug|Any CPU
		{FC4F57F1-5AAA-4826-AF05-65CAF9F8F3A7}.Debug|Any CPU.Build.0 = Debug|Any CPU
		{FC4F57F1-5AAA-4826-AF05-65CAF9F8F3A7}.Debug|x86.ActiveCfg = Debug|x86
		{FC4F57F1-5AAA-4826-AF05-65CAF9F8F3A7}.Debug|x86.Build.0 = Debug|x86
		{FC4F57F1-5AAA-4826-AF05-65CAF9F8F3A7}.My|Any CPU.ActiveCfg = Debug|Any CPU
		{FC4F57F1-5AAA-4826-AF05-65CAF9F8F3A7}.My|Any CPU.Build.0 = Debug|Any CPU
		{FC4F57F1-5AAA-4826-AF05-65CAF9F8F3A7}.My|x86.ActiveCfg = Debug|x86
		{FC4F57F1-5AAA-4826-AF05-65CAF9F8F3A7}.My|x86.Build.0 = Debug|x86
		{FC4F57F1-5AAA-4826-AF05-65CAF9F8F3A7}.Release|Any CPU.ActiveCfg = Release|Any CPU
		{FC4F57F1-5AAA-4826-AF05-65CAF9F8F3A7}.Release|Any CPU.Build.0 = Release|Any CPU
		{FC4F57F1-5AAA-4826-AF05-65CAF9F8F3A7}.Release|x86.ActiveCfg = Release|x86
		{FC4F57F1-5AAA-4826-AF05-65CAF9F8F3A7}.Release|x86.Build.0 = Release|x86
		{C2D86B5E-656E-4627-A7E3-1467D5E8F983}.Debug|Any CPU.ActiveCfg = Debug|Any CPU
		{C2D86B5E-656E-4627-A7E3-1467D5E8F983}.Debug|Any CPU.Build.0 = Debug|Any CPU
		{C2D86B5E-656E-4627-A7E3-1467D5E8F983}.Debug|x86.ActiveCfg = Debug|Any CPU
		{C2D86B5E-656E-4627-A7E3-1467D5E8F983}.Debug|x86.Build.0 = Debug|Any CPU
		{C2D86B5E-656E-4627-A7E3-1467D5E8F983}.My|Any CPU.ActiveCfg = Debug|Any CPU
		{C2D86B5E-656E-4627-A7E3-1467D5E8F983}.My|Any CPU.Build.0 = Debug|Any CPU
		{C2D86B5E-656E-4627-A7E3-1467D5E8F983}.My|x86.ActiveCfg = Debug|Any CPU
		{C2D86B5E-656E-4627-A7E3-1467D5E8F983}.My|x86.Build.0 = Debug|Any CPU
		{C2D86B5E-656E-4627-A7E3-1467D5E8F983}.Release|Any CPU.ActiveCfg = Release|Any CPU
		{C2D86B5E-656E-4627-A7E3-1467D5E8F983}.Release|Any CPU.Build.0 = Release|Any CPU
		{C2D86B5E-656E-4627-A7E3-1467D5E8F983}.Release|x86.ActiveCfg = Release|Any CPU
		{C2D86B5E-656E-4627-A7E3-1467D5E8F983}.Release|x86.Build.0 = Release|Any CPU
		{2E097548-5B88-4B4D-A87D-07587CD1A979}.Debug|Any CPU.ActiveCfg = Debug|Any CPU
		{2E097548-5B88-4B4D-A87D-07587CD1A979}.Debug|Any CPU.Build.0 = Debug|Any CPU
		{2E097548-5B88-4B4D-A87D-07587CD1A979}.Debug|x86.ActiveCfg = Debug|x86
		{2E097548-5B88-4B4D-A87D-07587CD1A979}.Debug|x86.Build.0 = Debug|x86
		{2E097548-5B88-4B4D-A87D-07587CD1A979}.My|Any CPU.ActiveCfg = Debug|Any CPU
		{2E097548-5B88-4B4D-A87D-07587CD1A979}.My|Any CPU.Build.0 = Debug|Any CPU
		{2E097548-5B88-4B4D-A87D-07587CD1A979}.My|x86.ActiveCfg = Debug|x86
		{2E097548-5B88-4B4D-A87D-07587CD1A979}.My|x86.Build.0 = Debug|x86
		{2E097548-5B88-4B4D-A87D-07587CD1A979}.Release|Any CPU.ActiveCfg = Release|Any CPU
		{2E097548-5B88-4B4D-A87D-07587CD1A979}.Release|Any CPU.Build.0 = Release|Any CPU
		{2E097548-5B88-4B4D-A87D-07587CD1A979}.Release|x86.ActiveCfg = Release|x86
		{2E097548-5B88-4B4D-A87D-07587CD1A979}.Release|x86.Build.0 = Release|x86
		{774EDCBB-02E2-426B-9878-7C82CC99F64A}.Debug|Any CPU.ActiveCfg = Debug|Any CPU
		{774EDCBB-02E2-426B-9878-7C82CC99F64A}.Debug|Any CPU.Build.0 = Debug|Any CPU
		{774EDCBB-02E2-426B-9878-7C82CC99F64A}.Debug|x86.ActiveCfg = Debug|x86
		{774EDCBB-02E2-426B-9878-7C82CC99F64A}.Debug|x86.Build.0 = Debug|x86
		{774EDCBB-02E2-426B-9878-7C82CC99F64A}.My|Any CPU.ActiveCfg = Debug|Any CPU
		{774EDCBB-02E2-426B-9878-7C82CC99F64A}.My|Any CPU.Build.0 = Debug|Any CPU
		{774EDCBB-02E2-426B-9878-7C82CC99F64A}.My|x86.ActiveCfg = Debug|x86
		{774EDCBB-02E2-426B-9878-7C82CC99F64A}.My|x86.Build.0 = Debug|x86
		{774EDCBB-02E2-426B-9878-7C82CC99F64A}.Release|Any CPU.ActiveCfg = Release|Any CPU
		{774EDCBB-02E2-426B-9878-7C82CC99F64A}.Release|Any CPU.Build.0 = Release|Any CPU
		{774EDCBB-02E2-426B-9878-7C82CC99F64A}.Release|x86.ActiveCfg = Release|x86
		{774EDCBB-02E2-426B-9878-7C82CC99F64A}.Release|x86.Build.0 = Release|x86
		{7C425F7B-5576-4EB9-A3AD-65A63CC3418A}.Debug|Any CPU.ActiveCfg = Debug|Any CPU
		{7C425F7B-5576-4EB9-A3AD-65A63CC3418A}.Debug|Any CPU.Build.0 = Debug|Any CPU
		{7C425F7B-5576-4EB9-A3AD-65A63CC3418A}.Debug|x86.ActiveCfg = Debug|x86
		{7C425F7B-5576-4EB9-A3AD-65A63CC3418A}.Debug|x86.Build.0 = Debug|x86
		{7C425F7B-5576-4EB9-A3AD-65A63CC3418A}.My|Any CPU.ActiveCfg = Debug|Any CPU
		{7C425F7B-5576-4EB9-A3AD-65A63CC3418A}.My|Any CPU.Build.0 = Debug|Any CPU
		{7C425F7B-5576-4EB9-A3AD-65A63CC3418A}.My|x86.ActiveCfg = Debug|x86
		{7C425F7B-5576-4EB9-A3AD-65A63CC3418A}.My|x86.Build.0 = Debug|x86
		{7C425F7B-5576-4EB9-A3AD-65A63CC3418A}.Release|Any CPU.ActiveCfg = Release|Any CPU
		{7C425F7B-5576-4EB9-A3AD-65A63CC3418A}.Release|Any CPU.Build.0 = Release|Any CPU
		{7C425F7B-5576-4EB9-A3AD-65A63CC3418A}.Release|x86.ActiveCfg = Release|x86
		{7C425F7B-5576-4EB9-A3AD-65A63CC3418A}.Release|x86.Build.0 = Release|x86
		{674BDD04-1117-46DB-8D28-9F9638B72AFA}.Debug|Any CPU.ActiveCfg = Debug|Any CPU
		{674BDD04-1117-46DB-8D28-9F9638B72AFA}.Debug|Any CPU.Build.0 = Debug|Any CPU
		{674BDD04-1117-46DB-8D28-9F9638B72AFA}.Debug|x86.ActiveCfg = Debug|x86
		{674BDD04-1117-46DB-8D28-9F9638B72AFA}.Debug|x86.Build.0 = Debug|x86
		{674BDD04-1117-46DB-8D28-9F9638B72AFA}.My|Any CPU.ActiveCfg = Debug|Any CPU
		{674BDD04-1117-46DB-8D28-9F9638B72AFA}.My|Any CPU.Build.0 = Debug|Any CPU
		{674BDD04-1117-46DB-8D28-9F9638B72AFA}.My|x86.ActiveCfg = Debug|x86
		{674BDD04-1117-46DB-8D28-9F9638B72AFA}.My|x86.Build.0 = Debug|x86
		{674BDD04-1117-46DB-8D28-9F9638B72AFA}.Release|Any CPU.ActiveCfg = Release|Any CPU
		{674BDD04-1117-46DB-8D28-9F9638B72AFA}.Release|Any CPU.Build.0 = Release|Any CPU
		{674BDD04-1117-46DB-8D28-9F9638B72AFA}.Release|x86.ActiveCfg = Release|x86
		{674BDD04-1117-46DB-8D28-9F9638B72AFA}.Release|x86.Build.0 = Release|x86
		{BB958BA2-F659-428D-A59E-97DBAE9D6059}.Debug|Any CPU.ActiveCfg = Debug|Any CPU
		{BB958BA2-F659-428D-A59E-97DBAE9D6059}.Debug|Any CPU.Build.0 = Debug|Any CPU
		{BB958BA2-F659-428D-A59E-97DBAE9D6059}.Debug|x86.ActiveCfg = Debug|x86
		{BB958BA2-F659-428D-A59E-97DBAE9D6059}.Debug|x86.Build.0 = Debug|x86
		{BB958BA2-F659-428D-A59E-97DBAE9D6059}.My|Any CPU.ActiveCfg = Debug|Any CPU
		{BB958BA2-F659-428D-A59E-97DBAE9D6059}.My|Any CPU.Build.0 = Debug|Any CPU
		{BB958BA2-F659-428D-A59E-97DBAE9D6059}.My|x86.ActiveCfg = Debug|x86
		{BB958BA2-F659-428D-A59E-97DBAE9D6059}.My|x86.Build.0 = Debug|x86
		{BB958BA2-F659-428D-A59E-97DBAE9D6059}.Release|Any CPU.ActiveCfg = Release|Any CPU
		{BB958BA2-F659-428D-A59E-97DBAE9D6059}.Release|Any CPU.Build.0 = Release|Any CPU
		{BB958BA2-F659-428D-A59E-97DBAE9D6059}.Release|x86.ActiveCfg = Release|x86
		{BB958BA2-F659-428D-A59E-97DBAE9D6059}.Release|x86.Build.0 = Release|x86
		{30FC8286-A751-4768-840E-4C13DDBE62D4}.Debug|Any CPU.ActiveCfg = Debug|Any CPU
		{30FC8286-A751-4768-840E-4C13DDBE62D4}.Debug|Any CPU.Build.0 = Debug|Any CPU
		{30FC8286-A751-4768-840E-4C13DDBE62D4}.Debug|x86.ActiveCfg = Debug|x86
		{30FC8286-A751-4768-840E-4C13DDBE62D4}.Debug|x86.Build.0 = Debug|x86
		{30FC8286-A751-4768-840E-4C13DDBE62D4}.My|Any CPU.ActiveCfg = Debug|Any CPU
		{30FC8286-A751-4768-840E-4C13DDBE62D4}.My|Any CPU.Build.0 = Debug|Any CPU
		{30FC8286-A751-4768-840E-4C13DDBE62D4}.My|x86.ActiveCfg = Debug|x86
		{30FC8286-A751-4768-840E-4C13DDBE62D4}.My|x86.Build.0 = Debug|x86
		{30FC8286-A751-4768-840E-4C13DDBE62D4}.Release|Any CPU.ActiveCfg = Release|Any CPU
		{30FC8286-A751-4768-840E-4C13DDBE62D4}.Release|Any CPU.Build.0 = Release|Any CPU
		{30FC8286-A751-4768-840E-4C13DDBE62D4}.Release|x86.ActiveCfg = Release|x86
		{30FC8286-A751-4768-840E-4C13DDBE62D4}.Release|x86.Build.0 = Release|x86
		{34CE07B7-6F46-4E75-8CC7-3171850936A3}.Debug|Any CPU.ActiveCfg = Debug|Any CPU
		{34CE07B7-6F46-4E75-8CC7-3171850936A3}.Debug|Any CPU.Build.0 = Debug|Any CPU
		{34CE07B7-6F46-4E75-8CC7-3171850936A3}.Debug|x86.ActiveCfg = Debug|x86
		{34CE07B7-6F46-4E75-8CC7-3171850936A3}.Debug|x86.Build.0 = Debug|x86
		{34CE07B7-6F46-4E75-8CC7-3171850936A3}.My|Any CPU.ActiveCfg = Debug|Any CPU
		{34CE07B7-6F46-4E75-8CC7-3171850936A3}.My|Any CPU.Build.0 = Debug|Any CPU
		{34CE07B7-6F46-4E75-8CC7-3171850936A3}.My|x86.ActiveCfg = Debug|x86
		{34CE07B7-6F46-4E75-8CC7-3171850936A3}.My|x86.Build.0 = Debug|x86
		{34CE07B7-6F46-4E75-8CC7-3171850936A3}.Release|Any CPU.ActiveCfg = Release|Any CPU
		{34CE07B7-6F46-4E75-8CC7-3171850936A3}.Release|Any CPU.Build.0 = Release|Any CPU
		{34CE07B7-6F46-4E75-8CC7-3171850936A3}.Release|x86.ActiveCfg = Release|x86
		{34CE07B7-6F46-4E75-8CC7-3171850936A3}.Release|x86.Build.0 = Release|x86
		{06F95048-0981-42A1-9D1B-4ABC69DEECF0}.Debug|Any CPU.ActiveCfg = Debug|Any CPU
		{06F95048-0981-42A1-9D1B-4ABC69DEECF0}.Debug|Any CPU.Build.0 = Debug|Any CPU
		{06F95048-0981-42A1-9D1B-4ABC69DEECF0}.Debug|x86.ActiveCfg = Debug|x86
		{06F95048-0981-42A1-9D1B-4ABC69DEECF0}.Debug|x86.Build.0 = Debug|x86
		{06F95048-0981-42A1-9D1B-4ABC69DEECF0}.My|Any CPU.ActiveCfg = My|Any CPU
		{06F95048-0981-42A1-9D1B-4ABC69DEECF0}.My|Any CPU.Build.0 = My|Any CPU
		{06F95048-0981-42A1-9D1B-4ABC69DEECF0}.My|x86.ActiveCfg = My|x86
		{06F95048-0981-42A1-9D1B-4ABC69DEECF0}.My|x86.Build.0 = My|x86
		{06F95048-0981-42A1-9D1B-4ABC69DEECF0}.Release|Any CPU.ActiveCfg = Release|Any CPU
		{06F95048-0981-42A1-9D1B-4ABC69DEECF0}.Release|Any CPU.Build.0 = Release|Any CPU
		{06F95048-0981-42A1-9D1B-4ABC69DEECF0}.Release|x86.ActiveCfg = Release|x86
		{06F95048-0981-42A1-9D1B-4ABC69DEECF0}.Release|x86.Build.0 = Release|x86
	EndGlobalSection
	GlobalSection(SolutionProperties) = preSolution
		HideSolutionNode = FALSE
	EndGlobalSection
	GlobalSection(NestedProjects) = preSolution
		{09963A79-C60E-420E-A5B9-4F97F2B6CD8A} = {D9CB43B5-C923-41C8-A697-A08B221BB37B}
		{9A2292E6-CDBA-42AA-AFFE-76B5860C3222} = {D9CB43B5-C923-41C8-A697-A08B221BB37B}
		{15571839-170E-486E-9BE5-A69B4D3B7126} = {D9CB43B5-C923-41C8-A697-A08B221BB37B}
		{F642EDD1-9D30-4DE8-B3D8-9732C4089891} = {D9CB43B5-C923-41C8-A697-A08B221BB37B}
		{9F4172F5-3854-4C9C-8FAF-FBE082020B39} = {D9CB43B5-C923-41C8-A697-A08B221BB37B}
		{CC4C2FA1-31BF-4B20-8C8F-6183342A0FD5} = {D9CB43B5-C923-41C8-A697-A08B221BB37B}
		{48ED7448-A11B-4014-97BD-1251976042CE} = {D9CB43B5-C923-41C8-A697-A08B221BB37B}
		{C228041C-B1BF-4DE3-91EC-51475457C60E} = {D9CB43B5-C923-41C8-A697-A08B221BB37B}
		{DC37AB85-1371-41D0-9977-FAA0BE477174} = {BED1B82F-1341-43B6-BFFC-C1A1DD64E06F}
		{67EE935F-B914-48D4-A2B9-A719FA32AF6F} = {BED1B82F-1341-43B6-BFFC-C1A1DD64E06F}
		{2D693F66-DADD-49F4-8DF9-F765A7925455} = {BED1B82F-1341-43B6-BFFC-C1A1DD64E06F}
		{D67559B6-B1B6-4000-8D17-C6BDB25A408D} = {BED1B82F-1341-43B6-BFFC-C1A1DD64E06F}
		{604D05B6-F239-4E50-94D4-FCD9E0682E03} = {BED1B82F-1341-43B6-BFFC-C1A1DD64E06F}
		{BEC1628B-4934-4C2C-B484-1F3B8505BEBD} = {BED1B82F-1341-43B6-BFFC-C1A1DD64E06F}
		{4F80F888-4C04-40E5-8B66-3F2C3AF4CC5A} = {D9CB43B5-C923-41C8-A697-A08B221BB37B}
		{FC4F57F1-5AAA-4826-AF05-65CAF9F8F3A7} = {DCEF09D2-9333-47C0-A950-E5546CEE6A3C}
		{2E097548-5B88-4B4D-A87D-07587CD1A979} = {DCEF09D2-9333-47C0-A950-E5546CEE6A3C}
		{774EDCBB-02E2-426B-9878-7C82CC99F64A} = {DCEF09D2-9333-47C0-A950-E5546CEE6A3C}
		{7C425F7B-5576-4EB9-A3AD-65A63CC3418A} = {DCEF09D2-9333-47C0-A950-E5546CEE6A3C}
		{674BDD04-1117-46DB-8D28-9F9638B72AFA} = {DCEF09D2-9333-47C0-A950-E5546CEE6A3C}
		{BB958BA2-F659-428D-A59E-97DBAE9D6059} = {DCEF09D2-9333-47C0-A950-E5546CEE6A3C}
		{30FC8286-A751-4768-840E-4C13DDBE62D4} = {DCEF09D2-9333-47C0-A950-E5546CEE6A3C}
		{34CE07B7-6F46-4E75-8CC7-3171850936A3} = {DCEF09D2-9333-47C0-A950-E5546CEE6A3C}
		{06F95048-0981-42A1-9D1B-4ABC69DEECF0} = {D9CB43B5-C923-41C8-A697-A08B221BB37B}
		{5526F2E2-1146-42E5-B6F8-2755EB32640B} = {BED1B82F-1341-43B6-BFFC-C1A1DD64E06F}
	EndGlobalSection
	GlobalSection(ExtensibilityGlobals) = postSolution
		SolutionGuid = {C67B0612-AC1C-4996-B91F-70FCD0B2F528}
	EndGlobalSection
EndGlobal
